
Microsoft Visual Studio Solution File, Format Version 12.00
# Visual Studio Version 16
VisualStudioVersion = 16.0.31321.278
MinimumVisualStudioVersion = 10.0.40219.1
Project("{9A19103F-16F7-4668-BE54-9A1E7A4F7556}") = "WrldcHrIs.WebApp", "src\WrldcHrIs.WebApp\WrldcHrIs.WebApp.csproj", "{25C5161D-E85A-491E-B894-316283AB98D8}"
	ProjectSection(ProjectDependencies) = postProject
		{1D99E1CB-FEE0-41DA-9DA4-449117EAC45B} = {1D99E1CB-FEE0-41DA-9DA4-449117EAC45B}
	EndProjectSection
EndProject
Project("{9A19103F-16F7-4668-BE54-9A1E7A4F7556}") = "WrldcHrIs.Core", "src\WrldcHrIs.Core\WrldcHrIs.Core.csproj", "{1D99E1CB-FEE0-41DA-9DA4-449117EAC45B}"
EndProject
Project("{9A19103F-16F7-4668-BE54-9A1E7A4F7556}") = "WrldcHrIs.Infra", "src\WrldcHrIs.Infra\WrldcHrIs.Infra.csproj", "{25966753-24CB-43E5-B6BF-4D0D5379317B}"
EndProject
Project("{9A19103F-16F7-4668-BE54-9A1E7A4F7556}") = "WrldcHrIs.Application", "src\WrldcHrIs.Application\WrldcHrIs.Application.csproj", "{8CBFFE8D-C5FD-4B45-9D8E-0627F7B0E6F0}"
EndProject
Global
	GlobalSection(SolutionConfigurationPlatforms) = preSolution
		Debug|Any CPU = Debug|Any CPU
		Release|Any CPU = Release|Any CPU
	EndGlobalSection
	GlobalSection(ProjectConfigurationPlatforms) = postSolution
		{25C5161D-E85A-491E-B894-316283AB98D8}.Debug|Any CPU.ActiveCfg = Debug|Any CPU
		{25C5161D-E85A-491E-B894-316283AB98D8}.Debug|Any CPU.Build.0 = Debug|Any CPU
		{25C5161D-E85A-491E-B894-316283AB98D8}.Release|Any CPU.ActiveCfg = Release|Any CPU
		{25C5161D-E85A-491E-B894-316283AB98D8}.Release|Any CPU.Build.0 = Release|Any CPU
		{1D99E1CB-FEE0-41DA-9DA4-449117EAC45B}.Debug|Any CPU.ActiveCfg = Debug|Any CPU
		{1D99E1CB-FEE0-41DA-9DA4-449117EAC45B}.Debug|Any CPU.Build.0 = Debug|Any CPU
		{1D99E1CB-FEE0-41DA-9DA4-449117EAC45B}.Release|Any CPU.ActiveCfg = Release|Any CPU
		{1D99E1CB-FEE0-41DA-9DA4-449117EAC45B}.Release|Any CPU.Build.0 = Release|Any CPU
		{25966753-24CB-43E5-B6BF-4D0D5379317B}.Debug|Any CPU.ActiveCfg = Debug|Any CPU
		{25966753-24CB-43E5-B6BF-4D0D5379317B}.Debug|Any CPU.Build.0 = Debug|Any CPU
		{25966753-24CB-43E5-B6BF-4D0D5379317B}.Release|Any CPU.ActiveCfg = Release|Any CPU
		{25966753-24CB-43E5-B6BF-4D0D5379317B}.Release|Any CPU.Build.0 = Release|Any CPU
		{8CBFFE8D-C5FD-4B45-9D8E-0627F7B0E6F0}.Debug|Any CPU.ActiveCfg = Debug|Any CPU
		{8CBFFE8D-C5FD-4B45-9D8E-0627F7B0E6F0}.Debug|Any CPU.Build.0 = Debug|Any CPU
		{8CBFFE8D-C5FD-4B45-9D8E-0627F7B0E6F0}.Release|Any CPU.ActiveCfg = Release|Any CPU
		{8CBFFE8D-C5FD-4B45-9D8E-0627F7B0E6F0}.Release|Any CPU.Build.0 = Release|Any CPU
	EndGlobalSection
	GlobalSection(SolutionProperties) = preSolution
		HideSolutionNode = FALSE
	EndGlobalSection
	GlobalSection(ExtensibilityGlobals) = postSolution
		SolutionGuid = {3D8BD6F6-F2DA-4C12-A15E-5C0CA5BBA7AC}
	EndGlobalSection
EndGlobal
